
Microsoft Visual Studio Solution File, Format Version 12.00
# Visual Studio Version 16
VisualStudioVersion = 16.0.33920.266
MinimumVisualStudioVersion = 10.0.40219.1
Project("{FAE04EC0-301F-11D3-BF4B-00C04F79EFBC}") = "JwtTokenAuth.Sample", "JwtTokenAuth.Sample\JwtTokenAuth.Sample.csproj", "{A0AC472C-D0B1-439C-B861-DECEC97AAFB4}"
EndProject
Global
	GlobalSection(SolutionConfigurationPlatforms) = preSolution
		Debug|Any CPU = Debug|Any CPU
		Release|Any CPU = Release|Any CPU
	EndGlobalSection
	GlobalSection(ProjectConfigurationPlatforms) = postSolution
		{A0AC472C-D0B1-439C-B861-DECEC97AAFB4}.Debug|Any CPU.ActiveCfg = Debug|Any CPU
		{A0AC472C-D0B1-439C-B861-DECEC97AAFB4}.Debug|Any CPU.Build.0 = Debug|Any CPU
		{A0AC472C-D0B1-439C-B861-DECEC97AAFB4}.Release|Any CPU.ActiveCfg = Release|Any CPU
		{A0AC472C-D0B1-439C-B861-DECEC97AAFB4}.Release|Any CPU.Build.0 = Release|Any CPU
	EndGlobalSection
	GlobalSection(SolutionProperties) = preSolution
		HideSolutionNode = FALSE
	EndGlobalSection
	GlobalSection(ExtensibilityGlobals) = postSolution
		SolutionGuid = {1A07ED2D-2062-4538-A050-67DD3C42D16D}
	EndGlobalSection
EndGlobal
